
Microsoft Visual Studio Solution File, Format Version 12.00
# Visual Studio 14
VisualStudioVersion = 14.0.25420.1
MinimumVisualStudioVersion = 10.0.40219.1
Project("{FAE04EC0-301F-11D3-BF4B-00C04F79EFBC}") = "SoapGenerateUserPass", "SoapGenerateUserPass\SoapGenerateUserPass.csproj", "{6AD114AD-ED48-45F1-90D5-70670C128CE1}"
EndProject
Project("{FAE04EC0-301F-11D3-BF4B-00C04F79EFBC}") = "WindowsFormsApplication1", "WindowsFormsApplication1\WindowsFormsApplication1.csproj", "{F11FB5BF-127A-4331-B6B6-3767466661CB}"
	ProjectSection(ProjectDependencies) = postProject
		{6AD114AD-ED48-45F1-90D5-70670C128CE1} = {6AD114AD-ED48-45F1-90D5-70670C128CE1}
	EndProjectSection
EndProject
Project("{FAE04EC0-301F-11D3-BF4B-00C04F79EFBC}") = "WebApplication1", "WebApplication2\WebApplication1.csproj", "{120E5453-C759-4F50-9DE4-4B5C456EFCF7}"
	ProjectSection(ProjectDependencies) = postProject
		{6AD114AD-ED48-45F1-90D5-70670C128CE1} = {6AD114AD-ED48-45F1-90D5-70670C128CE1}
	EndProjectSection
EndProject
Global
	GlobalSection(SolutionConfigurationPlatforms) = preSolution
		Debug|Any CPU = Debug|Any CPU
		Release|Any CPU = Release|Any CPU
	EndGlobalSection
	GlobalSection(ProjectConfigurationPlatforms) = postSolution
		{6AD114AD-ED48-45F1-90D5-70670C128CE1}.Debug|Any CPU.ActiveCfg = Debug|Any CPU
		{6AD114AD-ED48-45F1-90D5-70670C128CE1}.Debug|Any CPU.Build.0 = Debug|Any CPU
		{6AD114AD-ED48-45F1-90D5-70670C128CE1}.Release|Any CPU.ActiveCfg = Release|Any CPU
		{6AD114AD-ED48-45F1-90D5-70670C128CE1}.Release|Any CPU.Build.0 = Release|Any CPU
		{F11FB5BF-127A-4331-B6B6-3767466661CB}.Debug|Any CPU.ActiveCfg = Debug|Any CPU
		{F11FB5BF-127A-4331-B6B6-3767466661CB}.Debug|Any CPU.Build.0 = Debug|Any CPU
		{F11FB5BF-127A-4331-B6B6-3767466661CB}.Release|Any CPU.ActiveCfg = Release|Any CPU
		{F11FB5BF-127A-4331-B6B6-3767466661CB}.Release|Any CPU.Build.0 = Release|Any CPU
		{120E5453-C759-4F50-9DE4-4B5C456EFCF7}.Debug|Any CPU.ActiveCfg = Debug|Any CPU
		{120E5453-C759-4F50-9DE4-4B5C456EFCF7}.Debug|Any CPU.Build.0 = Debug|Any CPU
		{120E5453-C759-4F50-9DE4-4B5C456EFCF7}.Release|Any CPU.ActiveCfg = Release|Any CPU
		{120E5453-C759-4F50-9DE4-4B5C456EFCF7}.Release|Any CPU.Build.0 = Release|Any CPU
	EndGlobalSection
	GlobalSection(SolutionProperties) = preSolution
		HideSolutionNode = FALSE
	EndGlobalSection
EndGlobal
